<?xml version="1.0" encoding="utf-8"?>
<Project ToolsVersion="4.0" xmlns="http://schemas.microsoft.com/developer/msbuild/2003">
  <ItemGroup>
    <Filter Include="Source Files">
      <UniqueIdentifier>{4FC737F1-C7A5-4376-A066-2A32D752A2FF}</UniqueIdentifier>
      <Extensions>cpp;c;cc;cxx;c++;cppm;ixx;def;odl;idl;hpj;bat;asm;asmx</Extensions>
    </Filter>
    <Filter Include="Header Files">
      <UniqueIdentifier>{93995380-89BD-4b04-88EB-625FBE52EBFB}</UniqueIdentifier>
      <Extensions>h;hh;hpp;hxx;h++;hm;inl;inc;ipp;xsd</Extensions>
    </Filter>
    <Filter Include="Resource Files">
      <UniqueIdentifier>{67DA6AB6-F800-4c08-8B7A-83BB121AAD01}</UniqueIdentifier>
      <Extensions>rc;ico;cur;bmp;dlg;rc2;rct;bin;rgs;gif;jpg;jpeg;jpe;resx;tiff;tif;png;wav;mfcribbon-ms</Extensions>
    </Filter>
    <Filter Include="Themes">
      <UniqueIdentifier>{52e2108d-3be4-4901-a84e-066b2ef1efa6}</UniqueIdentifier>
    </Filter>
  </ItemGroup>
  <ItemGroup>
    <ClInclude Include="Railing.h">
      <Filter>Header Files</Filter>
    </ClInclude>
    <ClInclude Include="resource.h">
      <Filter>Header Files</Filter>
    </ClInclude>
    <ClInclude Include="Types.h">
      <Filter>Header Files</Filter>
    </ClInclude>
    <ClInclude Include="WindowManager.h">
      <Filter>Header Files</Filter>
    </ClInclude>
    <ClInclude Include="RailingRenderer.h">
      <Filter>Header Files</Filter>
    </ClInclude>
    <ClInclude Include="RenderContext.h">
      <Filter>Header Files</Filter>
    </ClInclude>
    <ClInclude Include="Widgets.h">
      <Filter>Header Files</Filter>
    </ClInclude>
    <ClInclude Include="Dock.h">
      <Filter>Header Files</Filter>
    </ClInclude>
    <ClInclude Include="Indicators.h">
      <Filter>Header Files</Filter>
    </ClInclude>
    <ClInclude Include="AudioBackend.h">
      <Filter>Header Files</Filter>
    </ClInclude>
    <ClInclude Include="VolumeFlyout.h">
      <Filter>Header Files</Filter>
    </ClInclude>
    <ClInclude Include="TrayManager.h">
      <Filter>Header Files</Filter>
    </ClInclude>
    <ClInclude Include="TrayFlyout.h">
      <Filter>Header Files</Filter>
    </ClInclude>
    <ClInclude Include="SystemStats.h">
      <Filter>Header Files</Filter>
    </ClInclude>
    <ClInclude Include="TooltipHandler.h">
      <Filter>Header Files</Filter>
    </ClInclude>
    <ClInclude Include="Config.h">
      <Filter>Header Files</Filter>
    </ClInclude>
    <ClInclude Include="ThemeTypes.h">
      <Filter>Themes</Filter>
    </ClInclude>
    <ClInclude Include="ThemeLoader.h">
      <Filter>Themes</Filter>
    </ClInclude>
    <ClInclude Include="Module.h">
      <Filter>Header Files</Filter>
    </ClInclude>
    <ClInclude Include="ModulesConcrete.h">
      <Filter>Header Files</Filter>
    </ClInclude>
    <ClInclude Include="ModuleFactory.h">
      <Filter>Header Files</Filter>
    </ClInclude>
    <ClInclude Include="GpuStats.h">
      <Filter>Header Files</Filter>
    </ClInclude>
    <ClInclude Include="AppBarRegistration.h">
      <Filter>Header Files</Filter>
    </ClInclude>
    <ClInclude Include="Style.h">
      <Filter>Themes</Filter>
    </ClInclude>
    <ClInclude Include="CssParser.h">
      <Filter>Themes</Filter>
    </ClInclude>
  </ItemGroup>
  <ItemGroup>
    <ClCompile Include="Railing.cpp">
      <Filter>Source Files</Filter>
    </ClCompile>
    <ClCompile Include="Main.cpp">
      <Filter>Source Files</Filter>
    </ClCompile>
    <ClCompile Include="WindowManager.cpp">
      <Filter>Source Files</Filter>
    </ClCompile>
    <ClCompile Include="RailingRenderer.cpp">
      <Filter>Source Files</Filter>
    </ClCompile>
    <ClCompile Include="Widgets.cpp">
      <Filter>Source Files</Filter>
    </ClCompile>
    <ClCompile Include="Dock.cpp">
      <Filter>Source Files</Filter>
    </ClCompile>
    <ClCompile Include="VolumeFlyout.cpp">
      <Filter>Source Files</Filter>
    </ClCompile>
    <ClCompile Include="TrayManager.cpp">
      <Filter>Source Files</Filter>
    </ClCompile>
    <ClCompile Include="TrayFlyout.cpp">
      <Filter>Source Files</Filter>
    </ClCompile>
    <ClCompile Include="SystemStats.cpp">
      <Filter>Source Files</Filter>
    </ClCompile>
    <ClCompile Include="TooltipHandler.cpp">
      <Filter>Source Files</Filter>
    </ClCompile>
    <ClCompile Include="Config.cpp">
      <Filter>Source Files</Filter>
    </ClCompile>
    <ClCompile Include="Module.cpp">
      <Filter>Source Files</Filter>
    </ClCompile>
    <ClCompile Include="Indicators.cpp">
      <Filter>Source Files</Filter>
    </ClCompile>
    <ClCompile Include="AppBarRegistration.cpp">
      <Filter>Source Files</Filter>
    </ClCompile>
  </ItemGroup>
  <ItemGroup>
    <ResourceCompile Include="Railing.rc">
      <Filter>Resource Files</Filter>
    </ResourceCompile>
  </ItemGroup>
  <ItemGroup>
    <Image Include="..\Balcony.ico">
      <Filter>Resource Files</Filter>
    </Image>
  </ItemGroup>
</Project>